// !$*UTF8*$!
{
	archiveVersion = 1;
	classes = {
	};
	objectVersion = 50;
	objects = {

/* Begin PBXBuildFile section */
		563FF46F2661BCC500EAF952 /* AppDelegate.swift in Sources */ = {isa = PBXBuildFile; fileRef = 563FF46E2661BCC500EAF952 /* AppDelegate.swift */; };
		563FF4712661BCC500EAF952 /* SceneDelegate.swift in Sources */ = {isa = PBXBuildFile; fileRef = 563FF4702661BCC500EAF952 /* SceneDelegate.swift */; };
		563FF4732661BCC500EAF952 /* ViewController.swift in Sources */ = {isa = PBXBuildFile; fileRef = 563FF4722661BCC500EAF952 /* ViewController.swift */; };
		563FF4762661BCC500EAF952 /* Main.storyboard in Resources */ = {isa = PBXBuildFile; fileRef = 563FF4742661BCC500EAF952 /* Main.storyboard */; };
		563FF4782661BCC800EAF952 /* Assets.xcassets in Resources */ = {isa = PBXBuildFile; fileRef = 563FF4772661BCC800EAF952 /* Assets.xcassets */; };
		563FF47B2661BCC800EAF952 /* LaunchScreen.storyboard in Resources */ = {isa = PBXBuildFile; fileRef = 563FF4792661BCC800EAF952 /* LaunchScreen.storyboard */; };
/* End PBXBuildFile section */

/* Begin PBXFileReference section */
		563FF46B2661BCC500EAF952 /* H4ck3rSp34k.app */ = {isa = PBXFileReference; explicitFileType = wrapper.application; includeInIndex = 0; path = H4ck3rSp34k.app; sourceTree = BUILT_PRODUCTS_DIR; };
		563FF46E2661BCC500EAF952 /* AppDelegate.swift */ = {isa = PBXFileReference; lastKnownFileType = sourcecode.swift; path = AppDelegate.swift; sourceTree = "<group>"; };
		563FF4702661BCC500EAF952 /* SceneDelegate.swift */ = {isa = PBXFileReference; lastKnownFileType = sourcecode.swift; path = SceneDelegate.swift; sourceTree = "<group>"; };
		563FF4722661BCC500EAF952 /* ViewController.swift */ = {isa = PBXFileReference; lastKnownFileType = sourcecode.swift; path = ViewController.swift; sourceTree = "<group>"; };
		563FF4752661BCC500EAF952 /* Base */ = {isa = PBXFileReference; lastKnownFileType = file.storyboard; name = Base; path = Base.lproj/Main.storyboard; sourceTree = "<group>"; };
		563FF4772661BCC800EAF952 /* Assets.xcassets */ = {isa = PBXFileReference; lastKnownFileType = folder.assetcatalog; path = Assets.xcassets; sourceTree = "<group>"; };
		563FF47A2661BCC800EAF952 /* Base */ = {isa = PBXFileReference; lastKnownFileType = file.storyboard; name = Base; path = Base.lproj/LaunchScreen.storyboard; sourceTree = "<group>"; };
		563FF47C2661BCC800EAF952 /* Info.plist */ = {isa = PBXFileReference; lastKnownFileType = text.plist.xml; path = Info.plist; sourceTree = "<group>"; };
/* End PBXFileReference section */

/* Begin PBXFrameworksBuildPhase section */
		563FF4682661BCC500EAF952 /* Frameworks */ = {
			isa = PBXFrameworksBuildPhase;
			buildActionMask = 2147483647;
			files = (
			);
			runOnlyForDeploymentPostprocessing = 0;
		};
/* End PBXFrameworksBuildPhase section */

/* Begin PBXGroup section */
		563FF4622661BCC500EAF952 = {
			isa = PBXGroup;
			children = (
				563FF46D2661BCC500EAF952 /* H4ck3rSp34k */,
				563FF46C2661BCC500EAF952 /* Products */,
			);
			sourceTree = "<group>";
		};
		563FF46C2661BCC500EAF952 /* Products */ = {
			isa = PBXGroup;
			children = (
				563FF46B2661BCC500EAF952 /* H4ck3rSp34k.app */,
			);
			name = Products;
			sourceTree = "<group>";
		};
		563FF46D2661BCC500EAF952 /* H4ck3rSp34k */ = {
			isa = PBXGroup;
			children = (
				563FF46E2661BCC500EAF952 /* AppDelegate.swift */,
				563FF4702661BCC500EAF952 /* SceneDelegate.swift */,
				563FF4722661BCC500EAF952 /* ViewController.swift */,
				563FF4742661BCC500EAF952 /* Main.storyboard */,
				563FF4772661BCC800EAF952 /* Assets.xcassets */,
				563FF4792661BCC800EAF952 /* LaunchScreen.storyboard */,
				563FF47C2661BCC800EAF952 /* Info.plist */,
			);
			path = H4ck3rSp34k;
			sourceTree = "<group>";
		};
/* End PBXGroup section */

/* Begin PBXNativeTarget section */
		563FF46A2661BCC500EAF952 /* H4ck3rSp34k */ = {
			isa = PBXNativeTarget;
			buildConfigurationList = 563FF47F2661BCC800EAF952 /* Build configuration list for PBXNativeTarget "H4ck3rSp34k" */;
			buildPhases = (
				563FF4672661BCC500EAF952 /* Sources */,
				563FF4682661BCC500EAF952 /* Frameworks */,
				563FF4692661BCC500EAF952 /* Resources */,
			);
			buildRules = (
			);
			dependencies = (
			);
			name = H4ck3rSp34k;
			productName = H4ck3rSp34k;
			productReference = 563FF46B2661BCC500EAF952 /* H4ck3rSp34k.app */;
			productType = "com.apple.product-type.application";
		};
/* End PBXNativeTarget section */

/* Begin PBXProject section */
		563FF4632661BCC500EAF952 /* Project object */ = {
			isa = PBXProject;
			attributes = {
				LastSwiftUpdateCheck = 1240;
				LastUpgradeCheck = 1240;
				TargetAttributes = {
					563FF46A2661BCC500EAF952 = {
						CreatedOnToolsVersion = 12.4;
					};
				};
			};
			buildConfigurationList = 563FF4662661BCC500EAF952 /* Build configuration list for PBXProject "H4ck3rSp34k" */;
			compatibilityVersion = "Xcode 9.3";
			developmentRegion = en;
			hasScannedForEncodings = 0;
			knownRegions = (
				en,
				Base,
			);
			mainGroup = 563FF4622661BCC500EAF952;
			productRefGroup = 563FF46C2661BCC500EAF952 /* Products */;
			projectDirPath = "";
			projectRoot = "";
			targets = (
				563FF46A2661BCC500EAF952 /* H4ck3rSp34k */,
			);
		};
/* End PBXProject section */

/* Begin PBXResourcesBuildPhase section */
		563FF4692661BCC500EAF952 /* Resources */ = {
			isa = PBXResourcesBuildPhase;
			buildActionMask = 2147483647;
			files = (
				563FF47B2661BCC800EAF952 /* LaunchScreen.storyboard in Resources */,
				563FF4782661BCC800EAF952 /* Assets.xcassets in Resources */,
				563FF4762661BCC500EAF952 /* Main.storyboard in Resources */,
			);
			runOnlyForDeploymentPostprocessing = 0;
		};
/* End PBXResourcesBuildPhase section */

/* Begin PBXSourcesBuildPhase section */
		563FF4672661BCC500EAF952 /* Sources */ = {
			isa = PBXSourcesBuildPhase;
			buildActionMask = 2147483647;
			files = (
				563FF4732661BCC500EAF952 /* ViewController.swift in Sources */,
				563FF46F2661BCC500EAF952 /* AppDelegate.swift in Sources */,
				563FF4712661BCC500EAF952 /* SceneDelegate.swift in Sources */,
			);
			runOnlyForDeploymentPostprocessing = 0;
		};
/* End PBXSourcesBuildPhase section */

/* Begin PBXVariantGroup section */
		563FF4742661BCC500EAF952 /* Main.storyboard */ = {
			isa = PBXVariantGroup;
			children = (
				563FF4752661BCC500EAF952 /* Base */,
			);
			name = Main.storyboard;
			sourceTree = "<group>";
		};
		563FF4792661BCC800EAF952 /* LaunchScreen.storyboard */ = {
			isa = PBXVariantGroup;
			children = (
				563FF47A2661BCC800EAF952 /* Base */,
			);
			name = LaunchScreen.storyboard;
			sourceTree = "<group>";
		};
/* End PBXVariantGroup section */

/* Begin XCBuildConfiguration section */
		563FF47D2661BCC800EAF952 /* Debug */ = {
			isa = XCBuildConfiguration;
			buildSettings = {
				ALWAYS_SEARCH_USER_PATHS = NO;
				CLANG_ANALYZER_NONNULL = YES;
				CLANG_ANALYZER_NUMBER_OBJECT_CONVERSION = YES_AGGRESSIVE;
				CLANG_CXX_LANGUAGE_STANDARD = "gnu++14";
				CLANG_CXX_LIBRARY = "libc++";
				CLANG_ENABLE_MODULES = YES;
				CLANG_ENABLE_OBJC_ARC = YES;
				CLANG_ENABLE_OBJC_WEAK = YES;
				CLANG_WARN_BLOCK_CAPTURE_AUTORELEASING = YES;
				CLANG_WARN_BOOL_CONVERSION = YES;
				CLANG_WARN_COMMA = YES;
				CLANG_WARN_CONSTANT_CONVERSION = YES;
				CLANG_WARN_DEPRECATED_OBJC_IMPLEMENTATIONS = YES;
				CLANG_WARN_DIRECT_OBJC_ISA_USAGE = YES_ERROR;
				CLANG_WARN_DOCUMENTATION_COMMENTS = YES;
				CLANG_WARN_EMPTY_BODY = YES;
				CLANG_WARN_ENUM_CONVERSION = YES;
				CLANG_WARN_INFINITE_RECURSION = YES;
				CLANG_WARN_INT_CONVERSION = YES;
				CLANG_WARN_NON_LITERAL_NULL_CONVERSION = YES;
				CLANG_WARN_OBJC_IMPLICIT_RETAIN_SELF = YES;
				CLANG_WARN_OBJC_LITERAL_CONVERSION = YES;
				CLANG_WARN_OBJC_ROOT_CLASS = YES_ERROR;
				CLANG_WARN_QUOTED_INCLUDE_IN_FRAMEWORK_HEADER = YES;
				CLANG_WARN_RANGE_LOOP_ANALYSIS = YES;
				CLANG_WARN_STRICT_PROTOTYPES = YES;
				CLANG_WARN_SUSPICIOUS_MOVE = YES;
				CLANG_WARN_UNGUARDED_AVAILABILITY = YES_AGGRESSIVE;
				CLANG_WARN_UNREACHABLE_CODE = YES;
				CLANG_WARN__DUPLICATE_METHOD_MATCH = YES;
				COPY_PHASE_STRIP = NO;
				DEBUG_INFORMATION_FORMAT = dwarf;
				ENABLE_STRICT_OBJC_MSGSEND = YES;
				ENABLE_TESTABILITY = YES;
				GCC_C_LANGUAGE_STANDARD = gnu11;
				GCC_DYNAMIC_NO_PIC = NO;
				GCC_NO_COMMON_BLOCKS = YES;
				GCC_OPTIMIZATION_LEVEL = 0;
				GCC_PREPROCESSOR_DEFINITIONS = (
					"DEBUG=1",
					"$(inherited)",
				);
				GCC_WARN_64_TO_32_BIT_CONVERSION = YES;
				GCC_WARN_ABOUT_RETURN_TYPE = YES_ERROR;
				GCC_WARN_UNDECLARED_SELECTOR = YES;
				GCC_WARN_UNINITIALIZED_AUTOS = YES_AGGRESSIVE;
				GCC_WARN_UNUSED_FUNCTION = YES;
				GCC_WARN_UNUSED_VARIABLE = YES;
				IPHONEOS_DEPLOYMENT_TARGET = 14.4;
				MTL_ENABLE_DEBUG_INFO = INCLUDE_SOURCE;
				MTL_FAST_MATH = YES;
				ONLY_ACTIVE_ARCH = YES;
				SDKROOT = iphoneos;
				SWIFT_ACTIVE_COMPILATION_CONDITIONS = DEBUG;
				SWIFT_OPTIMIZATION_LEVEL = "-Onone";
			};
			name = Debug;
		};
		563FF47E2661BCC800EAF952 /* Release */ = {
			isa = XCBuildConfiguration;
			buildSettings = {
				ALWAYS_SEARCH_USER_PATHS = NO;
				CLANG_ANALYZER_NONNULL = YES;
				CLANG_ANALYZER_NUMBER_OBJECT_CONVERSION = YES_AGGRESSIVE;
				CLANG_CXX_LANGUAGE_STANDARD = "gnu++14";
				CLANG_CXX_LIBRARY = "libc++";
				CLANG_ENABLE_MODULES = YES;
				CLANG_ENABLE_OBJC_ARC = YES;
				CLANG_ENABLE_OBJC_WEAK = YES;
				CLANG_WARN_BLOCK_CAPTURE_AUTORELEASING = YES;
				CLANG_WARN_BOOL_CONVERSION = YES;
				CLANG_WARN_COMMA = YES;
				CLANG_WARN_CONSTANT_CONVERSION = YES;
				CLANG_WARN_DEPRECATED_OBJC_IMPLEMENTATIONS = YES;
				CLANG_WARN_DIRECT_OBJC_ISA_USAGE = YES_ERROR;
				CLANG_WARN_DOCUMENTATION_COMMENTS = YES;
				CLANG_WARN_EMPTY_BODY = YES;
				CLANG_WARN_ENUM_CONVERSION = YES;
				CLANG_WARN_INFINITE_RECURSION = YES;
				CLANG_WARN_INT_CONVERSION = YES;
				CLANG_WARN_NON_LITERAL_NULL_CONVERSION = YES;
				CLANG_WARN_OBJC_IMPLICIT_RETAIN_SELF = YES;
				CLANG_WARN_OBJC_LITERAL_CONVERSION = YES;
				CLANG_WARN_OBJC_ROOT_CLASS = YES_ERROR;
				CLANG_WARN_QUOTED_INCLUDE_IN_FRAMEWORK_HEADER = YES;
				CLANG_WARN_RANGE_LOOP_ANALYSIS = YES;
				CLANG_WARN_STRICT_PROTOTYPES = YES;
				CLANG_WARN_SUSPICIOUS_MOVE = YES;
				CLANG_WARN_UNGUARDED_AVAILABILITY = YES_AGGRESSIVE;
				CLANG_WARN_UNREACHABLE_CODE = YES;
				CLANG_WARN__DUPLICATE_METHOD_MATCH = YES;
				COPY_PHASE_STRIP = NO;
				DEBUG_INFORMATION_FORMAT = "dwarf-with-dsym";
				ENABLE_NS_ASSERTIONS = NO;
				ENABLE_STRICT_OBJC_MSGSEND = YES;
				GCC_C_LANGUAGE_STANDARD = gnu11;
				GCC_NO_COMMON_BLOCKS = YES;
				GCC_WARN_64_TO_32_BIT_CONVERSION = YES;
				GCC_WARN_ABOUT_RETURN_TYPE = YES_ERROR;
				GCC_WARN_UNDECLARED_SELECTOR = YES;
				GCC_WARN_UNINITIALIZED_AUTOS = YES_AGGRESSIVE;
				GCC_WARN_UNUSED_FUNCTION = YES;
				GCC_WARN_UNUSED_VARIABLE = YES;
				IPHONEOS_DEPLOYMENT_TARGET = 14.4;
				MTL_ENABLE_DEBUG_INFO = NO;
				MTL_FAST_MATH = YES;
				SDKROOT = iphoneos;
				SWIFT_COMPILATION_MODE = wholemodule;
				SWIFT_OPTIMIZATION_LEVEL = "-O";
				VALIDATE_PRODUCT = YES;
			};
			name = Release;
		};
		563FF4802661BCC800EAF952 /* Debug */ = {
			isa = XCBuildConfiguration;
			buildSettings = {
				ASSETCATALOG_COMPILER_APPICON_NAME = AppIcon;
				ASSETCATALOG_COMPILER_GLOBAL_ACCENT_COLOR_NAME = AccentColor;
				CODE_SIGN_STYLE = Automatic;
				INFOPLIST_FILE = H4ck3rSp34k/Info.plist;
				LD_RUNPATH_SEARCH_PATHS = (
					"$(inherited)",
					"@executable_path/Frameworks",
				);
				PRODUCT_BUNDLE_IDENTIFIER = DanielIgnacio.H4ck3rSp34k;
				PRODUCT_NAME = "$(TARGET_NAME)";
				SWIFT_VERSION = 5.0;
				TARGETED_DEVICE_FAMILY = "1,2";
			};
			name = Debug;
		};
		563FF4812661BCC800EAF952 /* Release */ = {
			isa = XCBuildConfiguration;
			buildSettings = {
				ASSETCATALOG_COMPILER_APPICON_NAME = AppIcon;
				ASSETCATALOG_COMPILER_GLOBAL_ACCENT_COLOR_NAME = AccentColor;
				CODE_SIGN_STYLE = Automatic;
				INFOPLIST_FILE = H4ck3rSp34k/Info.plist;
				LD_RUNPATH_SEARCH_PATHS = (
					"$(inherited)",
					"@executable_path/Frameworks",
				);
				PRODUCT_BUNDLE_IDENTIFIER = DanielIgnacio.H4ck3rSp34k;
				PRODUCT_NAME = "$(TARGET_NAME)";
				SWIFT_VERSION = 5.0;
				TARGETED_DEVICE_FAMILY = "1,2";
			};
			name = Release;
		};
/* End XCBuildConfiguration section */

/* Begin XCConfigurationList section */
		563FF4662661BCC500EAF952 /* Build configuration list for PBXProject "H4ck3rSp34k" */ = {
			isa = XCConfigurationList;
			buildConfigurations = (
				563FF47D2661BCC800EAF952 /* Debug */,
				563FF47E2661BCC800EAF952 /* Release */,
			);
			defaultConfigurationIsVisible = 0;
			defaultConfigurationName = Release;
		};
		563FF47F2661BCC800EAF952 /* Build configuration list for PBXNativeTarget "H4ck3rSp34k" */ = {
			isa = XCConfigurationList;
			buildConfigurations = (
				563FF4802661BCC800EAF952 /* Debug */,
				563FF4812661BCC800EAF952 /* Release */,
			);
			defaultConfigurationIsVisible = 0;
			defaultConfigurationName = Release;
		};
/* End XCConfigurationList section */
	};
	rootObject = 563FF4632661BCC500EAF952 /* Project object */;
}
